<?xml version="1.0" encoding="utf-8"?>
<Project ToolsVersion="4.0" xmlns="http://schemas.microsoft.com/developer/msbuild/2003">
  <ItemGroup>
    <Filter Include="Source Files">
      <UniqueIdentifier>{4FC737F1-C7A5-4376-A066-2A32D752A2FF}</UniqueIdentifier>
      <Extensions>cpp;c;cc;cxx;def;odl;idl;hpj;bat;asm;asmx</Extensions>
    </Filter>
    <Filter Include="Header Files">
      <UniqueIdentifier>{93995380-89BD-4b04-88EB-625FBE52EBFB}</UniqueIdentifier>
      <Extensions>h;hh;hpp;hxx;hm;inl;inc;xsd</Extensions>
    </Filter>
    <Filter Include="Build Files">
      <UniqueIdentifier>{662193f3-52fd-4c02-84bc-0db6b4ce0966}</UniqueIdentifier>
    </Filter>
  </ItemGroup>
  <ItemGroup>
    <None Include="..\src\asm-functions.s">
      <Filter>Source Files</Filter>
    </None>
    <None Include="..\src\start.s">
      <Filter>Source Files</Filter>
    </None>
    <None Include="..\configure.bat">
      <Filter>Build Files</Filter>
    </None>
    <None Include="..\rpi-os.cmake">
      <Filter>Build Files</Filter>
    </None>
    <None Include="..\README" />
  </ItemGroup>
  <ItemGroup>
    <ClCompile Include="..\src\cstubs.c">
      <Filter>Source Files</Filter>
    </ClCompile>
    <ClCompile Include="..\src\main.cpp">
      <Filter>Source Files</Filter>
    </ClCompile>
    <ClCompile Include="..\src\rpi-armtimer.c">
      <Filter>Source Files</Filter>
    </ClCompile>
    <ClCompile Include="..\src\rpi-gpio.c">
      <Filter>Source Files</Filter>
    </ClCompile>
    <ClCompile Include="..\src\rpi-interrupts.c">
      <Filter>Source Files</Filter>
    </ClCompile>
    <ClCompile Include="..\src\rpi-mailbox.c">
      <Filter>Source Files</Filter>
    </ClCompile>
    <ClCompile Include="..\src\rpi-mailbox-interface.c">
      <Filter>Source Files</Filter>
    </ClCompile>
    <ClCompile Include="..\src\rpi-systimer.c">
      <Filter>Source Files</Filter>
    </ClCompile>
    <ClCompile Include="..\src\rpi-uart.c">
      <Filter>Source Files</Filter>
    </ClCompile>
    <ClCompile Include="..\src\start.c">
      <Filter>Source Files</Filter>
    </ClCompile>
    <ClCompile Include="..\src\rpi-led.c">
      <Filter>Source Files</Filter>
    </ClCompile>
    <ClCompile Include="..\src\rpi-assert.c">
      <Filter>Source Files</Filter>
    </ClCompile>
    <ClCompile Include="..\src\rpi-thread.c">
      <Filter>Source Files</Filter>
    </ClCompile>
    <ClCompile Include="..\src\rpi-trace.c">
      <Filter>Source Files</Filter>
    </ClCompile>
    <ClCompile Include="..\src\rpi-mutex.c">
      <Filter>Source Files</Filter>
    </ClCompile>
    <ClCompile Include="..\src\rpi-event.c">
      <Filter>Source Files</Filter>
    </ClCompile>
  </ItemGroup>
  <ItemGroup>
    <ClInclude Include="..\include\asm-functions.h">
      <Filter>Header Files</Filter>
    </ClInclude>
    <ClInclude Include="..\include\rpi-armtimer.h">
      <Filter>Header Files</Filter>
    </ClInclude>
    <ClInclude Include="..\include\rpi-base.h">
      <Filter>Header Files</Filter>
    </ClInclude>
    <ClInclude Include="..\include\rpi-gpio.h">
      <Filter>Header Files</Filter>
    </ClInclude>
    <ClInclude Include="..\include\rpi-interrupts.h">
      <Filter>Header Files</Filter>
    </ClInclude>
    <ClInclude Include="..\include\rpi-mailbox.h">
      <Filter>Header Files</Filter>
    </ClInclude>
    <ClInclude Include="..\include\rpi-mailbox-interface.h">
      <Filter>Header Files</Filter>
    </ClInclude>
    <ClInclude Include="..\include\rpi-systimer.h">
      <Filter>Header Files</Filter>
    </ClInclude>
    <ClInclude Include="..\include\rpi-types.h">
      <Filter>Header Files</Filter>
    </ClInclude>
    <ClInclude Include="..\include\rpi-uart.h">
      <Filter>Header Files</Filter>
    </ClInclude>
    <ClInclude Include="..\include\rpi-led.h">
      <Filter>Header Files</Filter>
    </ClInclude>
    <ClInclude Include="..\include\rpi-assert.h">
      <Filter>Header Files</Filter>
    </ClInclude>
    <ClInclude Include="..\include\rpi-thread.h">
      <Filter>Header Files</Filter>
    </ClInclude>
    <ClInclude Include="..\include\rpi-trace.h">
      <Filter>Header Files</Filter>
    </ClInclude>
    <ClInclude Include="..\include\rpi-mutex.h">
      <Filter>Header Files</Filter>
    </ClInclude>
    <ClInclude Include="..\include\rpi-event.h">
      <Filter>Header Files</Filter>
    </ClInclude>
  </ItemGroup>
  <ItemGroup>
    <Text Include="..\CMakeLists.txt">
      <Filter>Build Files</Filter>
    </Text>
  </ItemGroup>
</Project>